// !$*UTF8*$!
{
	archiveVersion = 1;
	classes = {
	};
	objectVersion = 56;
	objects = {

/* Begin PBXBuildFile section */
		3A5EFC392B6D80BB009381B5 /* UIHelper.swift in Sources */ = {isa = PBXBuildFile; fileRef = 3A5EFC382B6D80BB009381B5 /* UIHelper.swift */; };
		3A5EFC422B6E9574009381B5 /* GFEmptyStateView.swift in Sources */ = {isa = PBXBuildFile; fileRef = 3A5EFC412B6E9574009381B5 /* GFEmptyStateView.swift */; };
		3A5EFC442B701E1A009381B5 /* UserInfoVC.swift in Sources */ = {isa = PBXBuildFile; fileRef = 3A5EFC432B701E1A009381B5 /* UserInfoVC.swift */; };
		3A5EFC462B70324D009381B5 /* GFError.swift in Sources */ = {isa = PBXBuildFile; fileRef = 3A5EFC452B70324D009381B5 /* GFError.swift */; };
		3A5EFC4A2B703638009381B5 /* GFUserInfoHeaderVC.swift in Sources */ = {isa = PBXBuildFile; fileRef = 3A5EFC492B703638009381B5 /* GFUserInfoHeaderVC.swift */; };
		3A5EFC4C2B7036CB009381B5 /* GFSecondaryTitleLabel.swift in Sources */ = {isa = PBXBuildFile; fileRef = 3A5EFC4B2B7036CB009381B5 /* GFSecondaryTitleLabel.swift */; };
		3A5EFC4E2B704372009381B5 /* Constants.swift in Sources */ = {isa = PBXBuildFile; fileRef = 3A5EFC4D2B704372009381B5 /* Constants.swift */; };
		3A7469BB2B5742DD001A8024 /* AppDelegate.swift in Sources */ = {isa = PBXBuildFile; fileRef = 3A7469BA2B5742DD001A8024 /* AppDelegate.swift */; };
		3A7469BD2B5742DD001A8024 /* SceneDelegate.swift in Sources */ = {isa = PBXBuildFile; fileRef = 3A7469BC2B5742DD001A8024 /* SceneDelegate.swift */; };
		3A7469BF2B5742DD001A8024 /* ViewController.swift in Sources */ = {isa = PBXBuildFile; fileRef = 3A7469BE2B5742DD001A8024 /* ViewController.swift */; };
		3A7469C42B5742DF001A8024 /* Assets.xcassets in Resources */ = {isa = PBXBuildFile; fileRef = 3A7469C32B5742DF001A8024 /* Assets.xcassets */; };
		3A7469C72B5742DF001A8024 /* LaunchScreen.storyboard in Resources */ = {isa = PBXBuildFile; fileRef = 3A7469C52B5742DF001A8024 /* LaunchScreen.storyboard */; };
		3A7469CF2B5785F7001A8024 /* SearchVC.swift in Sources */ = {isa = PBXBuildFile; fileRef = 3A7469CE2B5785F7001A8024 /* SearchVC.swift */; };
		3A7469D12B578632001A8024 /* FavoriteListVC.swift in Sources */ = {isa = PBXBuildFile; fileRef = 3A7469D02B578632001A8024 /* FavoriteListVC.swift */; };
		3A7469D32B583B13001A8024 /* GFButton.swift in Sources */ = {isa = PBXBuildFile; fileRef = 3A7469D22B583B13001A8024 /* GFButton.swift */; };
		3A7469D72B5854F9001A8024 /* GFTextField.swift in Sources */ = {isa = PBXBuildFile; fileRef = 3A7469D62B5854F9001A8024 /* GFTextField.swift */; };
		3A7469D92B588A63001A8024 /* FollowersListVC.swift in Sources */ = {isa = PBXBuildFile; fileRef = 3A7469D82B588A63001A8024 /* FollowersListVC.swift */; };
		3A7469DB2B58CBB3001A8024 /* GFTitleLabel.swift in Sources */ = {isa = PBXBuildFile; fileRef = 3A7469DA2B58CBB3001A8024 /* GFTitleLabel.swift */; };
		3A7469DD2B58CD8B001A8024 /* GFBodyLabel.swift in Sources */ = {isa = PBXBuildFile; fileRef = 3A7469DC2B58CD8B001A8024 /* GFBodyLabel.swift */; };
		3A7469DF2B58CE61001A8024 /* GFAlertVC.swift in Sources */ = {isa = PBXBuildFile; fileRef = 3A7469DE2B58CE61001A8024 /* GFAlertVC.swift */; };
		3A746A072B696081001A8024 /* UIViewController + EXT.swift in Sources */ = {isa = PBXBuildFile; fileRef = 3A746A062B696081001A8024 /* UIViewController + EXT.swift */; };
		3A746A0E2B696FEB001A8024 /* Follower.swift in Sources */ = {isa = PBXBuildFile; fileRef = 3A746A0D2B696FEB001A8024 /* Follower.swift */; };
		3A746A102B6971EF001A8024 /* User.swift in Sources */ = {isa = PBXBuildFile; fileRef = 3A746A0F2B6971EF001A8024 /* User.swift */; };
		3A746A132B6BE96D001A8024 /* NetworkManager.swift in Sources */ = {isa = PBXBuildFile; fileRef = 3A746A122B6BE96D001A8024 /* NetworkManager.swift */; };
		3A746A192B6C5681001A8024 /* FollowerCell.swift in Sources */ = {isa = PBXBuildFile; fileRef = 3A746A182B6C5681001A8024 /* FollowerCell.swift */; };
		3A746A1B2B6C5779001A8024 /* GFAvatarImageView.swift in Sources */ = {isa = PBXBuildFile; fileRef = 3A746A1A2B6C5778001A8024 /* GFAvatarImageView.swift */; };
/* End PBXBuildFile section */

/* Begin PBXFileReference section */
		3A5EFC382B6D80BB009381B5 /* UIHelper.swift */ = {isa = PBXFileReference; lastKnownFileType = sourcecode.swift; path = UIHelper.swift; sourceTree = "<group>"; };
		3A5EFC412B6E9574009381B5 /* GFEmptyStateView.swift */ = {isa = PBXFileReference; lastKnownFileType = sourcecode.swift; path = GFEmptyStateView.swift; sourceTree = "<group>"; };
		3A5EFC432B701E1A009381B5 /* UserInfoVC.swift */ = {isa = PBXFileReference; lastKnownFileType = sourcecode.swift; path = UserInfoVC.swift; sourceTree = "<group>"; };
		3A5EFC452B70324D009381B5 /* GFError.swift */ = {isa = PBXFileReference; lastKnownFileType = sourcecode.swift; path = GFError.swift; sourceTree = "<group>"; };
		3A5EFC492B703638009381B5 /* GFUserInfoHeaderVC.swift */ = {isa = PBXFileReference; lastKnownFileType = sourcecode.swift; path = GFUserInfoHeaderVC.swift; sourceTree = "<group>"; };
		3A5EFC4B2B7036CB009381B5 /* GFSecondaryTitleLabel.swift */ = {isa = PBXFileReference; lastKnownFileType = sourcecode.swift; path = GFSecondaryTitleLabel.swift; sourceTree = "<group>"; };
		3A5EFC4D2B704372009381B5 /* Constants.swift */ = {isa = PBXFileReference; lastKnownFileType = sourcecode.swift; path = Constants.swift; sourceTree = "<group>"; };
		3A7469B72B5742DD001A8024 /* GITHUB.app */ = {isa = PBXFileReference; explicitFileType = wrapper.application; includeInIndex = 0; path = GITHUB.app; sourceTree = BUILT_PRODUCTS_DIR; };
		3A7469BA2B5742DD001A8024 /* AppDelegate.swift */ = {isa = PBXFileReference; lastKnownFileType = sourcecode.swift; path = AppDelegate.swift; sourceTree = "<group>"; };
		3A7469BC2B5742DD001A8024 /* SceneDelegate.swift */ = {isa = PBXFileReference; lastKnownFileType = sourcecode.swift; path = SceneDelegate.swift; sourceTree = "<group>"; };
		3A7469BE2B5742DD001A8024 /* ViewController.swift */ = {isa = PBXFileReference; lastKnownFileType = sourcecode.swift; path = ViewController.swift; sourceTree = "<group>"; };
		3A7469C32B5742DF001A8024 /* Assets.xcassets */ = {isa = PBXFileReference; lastKnownFileType = folder.assetcatalog; path = Assets.xcassets; sourceTree = "<group>"; };
		3A7469C62B5742DF001A8024 /* Base */ = {isa = PBXFileReference; lastKnownFileType = file.storyboard; name = Base; path = Base.lproj/LaunchScreen.storyboard; sourceTree = "<group>"; };
		3A7469C82B5742DF001A8024 /* Info.plist */ = {isa = PBXFileReference; lastKnownFileType = text.plist.xml; path = Info.plist; sourceTree = "<group>"; };
		3A7469CE2B5785F7001A8024 /* SearchVC.swift */ = {isa = PBXFileReference; lastKnownFileType = sourcecode.swift; path = SearchVC.swift; sourceTree = "<group>"; };
		3A7469D02B578632001A8024 /* FavoriteListVC.swift */ = {isa = PBXFileReference; lastKnownFileType = sourcecode.swift; path = FavoriteListVC.swift; sourceTree = "<group>"; };
		3A7469D22B583B13001A8024 /* GFButton.swift */ = {isa = PBXFileReference; lastKnownFileType = sourcecode.swift; path = GFButton.swift; sourceTree = "<group>"; };
		3A7469D62B5854F9001A8024 /* GFTextField.swift */ = {isa = PBXFileReference; lastKnownFileType = sourcecode.swift; path = GFTextField.swift; sourceTree = "<group>"; };
		3A7469D82B588A63001A8024 /* FollowersListVC.swift */ = {isa = PBXFileReference; lastKnownFileType = sourcecode.swift; path = FollowersListVC.swift; sourceTree = "<group>"; };
		3A7469DA2B58CBB3001A8024 /* GFTitleLabel.swift */ = {isa = PBXFileReference; lastKnownFileType = sourcecode.swift; path = GFTitleLabel.swift; sourceTree = "<group>"; };
		3A7469DC2B58CD8B001A8024 /* GFBodyLabel.swift */ = {isa = PBXFileReference; lastKnownFileType = sourcecode.swift; path = GFBodyLabel.swift; sourceTree = "<group>"; };
		3A7469DE2B58CE61001A8024 /* GFAlertVC.swift */ = {isa = PBXFileReference; lastKnownFileType = sourcecode.swift; path = GFAlertVC.swift; sourceTree = "<group>"; };
		3A746A062B696081001A8024 /* UIViewController + EXT.swift */ = {isa = PBXFileReference; lastKnownFileType = sourcecode.swift; path = "UIViewController + EXT.swift"; sourceTree = "<group>"; };
		3A746A0D2B696FEB001A8024 /* Follower.swift */ = {isa = PBXFileReference; lastKnownFileType = sourcecode.swift; path = Follower.swift; sourceTree = "<group>"; };
		3A746A0F2B6971EF001A8024 /* User.swift */ = {isa = PBXFileReference; lastKnownFileType = sourcecode.swift; path = User.swift; sourceTree = "<group>"; };
		3A746A122B6BE96D001A8024 /* NetworkManager.swift */ = {isa = PBXFileReference; lastKnownFileType = sourcecode.swift; path = NetworkManager.swift; sourceTree = "<group>"; };
		3A746A182B6C5681001A8024 /* FollowerCell.swift */ = {isa = PBXFileReference; lastKnownFileType = sourcecode.swift; path = FollowerCell.swift; sourceTree = "<group>"; };
		3A746A1A2B6C5778001A8024 /* GFAvatarImageView.swift */ = {isa = PBXFileReference; lastKnownFileType = sourcecode.swift; path = GFAvatarImageView.swift; sourceTree = "<group>"; };
/* End PBXFileReference section */

/* Begin PBXFrameworksBuildPhase section */
		3A7469B42B5742DD001A8024 /* Frameworks */ = {
			isa = PBXFrameworksBuildPhase;
			buildActionMask = 2147483647;
			files = (
			);
			runOnlyForDeploymentPostprocessing = 0;
		};
/* End PBXFrameworksBuildPhase section */

/* Begin PBXGroup section */
		3A5EFC3C2B6E94AC009381B5 /* Views */ = {
			isa = PBXGroup;
			children = (
				3A5EFC412B6E9574009381B5 /* GFEmptyStateView.swift */,
			);
			path = Views;
			sourceTree = "<group>";
		};
		3A5EFC3D2B6E94B3009381B5 /* Buttons */ = {
			isa = PBXGroup;
			children = (
				3A7469D22B583B13001A8024 /* GFButton.swift */,
			);
			path = Buttons;
			sourceTree = "<group>";
		};
		3A5EFC3E2B6E94C2009381B5 /* TextFields */ = {
			isa = PBXGroup;
			children = (
				3A7469D62B5854F9001A8024 /* GFTextField.swift */,
			);
			path = TextFields;
			sourceTree = "<group>";
		};
		3A5EFC3F2B6E94D1009381B5 /* ImageViews */ = {
			isa = PBXGroup;
			children = (
				3A746A1A2B6C5778001A8024 /* GFAvatarImageView.swift */,
			);
			path = ImageViews;
			sourceTree = "<group>";
		};
		3A5EFC402B6E94E2009381B5 /* Lables */ = {
			isa = PBXGroup;
			children = (
				3A7469DC2B58CD8B001A8024 /* GFBodyLabel.swift */,
				3A7469DA2B58CBB3001A8024 /* GFTitleLabel.swift */,
				3A5EFC4B2B7036CB009381B5 /* GFSecondaryTitleLabel.swift */,
			);
			path = Lables;
			sourceTree = "<group>";
		};
		3A5EFC482B7035F5009381B5 /* ViewControllers */ = {
			isa = PBXGroup;
			children = (
				3A5EFC492B703638009381B5 /* GFUserInfoHeaderVC.swift */,
			);
			path = ViewControllers;
			sourceTree = "<group>";
		};
		3A7469AE2B5742DD001A8024 = {
			isa = PBXGroup;
			children = (
				3A7469B92B5742DD001A8024 /* GITHUB */,
				3A7469B82B5742DD001A8024 /* Products */,
			);
			sourceTree = "<group>";
		};
		3A7469B82B5742DD001A8024 /* Products */ = {
			isa = PBXGroup;
			children = (
				3A7469B72B5742DD001A8024 /* GITHUB.app */,
			);
			name = Products;
			sourceTree = "<group>";
		};
		3A7469B92B5742DD001A8024 /* GITHUB */ = {
			isa = PBXGroup;
			children = (
				3A746A142B6C3F2D001A8024 /* Utilities */,
				3A746A112B6BE956001A8024 /* Manager */,
				3A746A0C2B696FDB001A8024 /* Model */,
				3A746A0A2B696A91001A8024 /* Extension */,
				3A5EFC482B7035F5009381B5 /* ViewControllers */,
				3A746A092B696A5B001A8024 /* CustomViews */,
				3A746A082B696A2B001A8024 /* Screens */,
				3A7469BE2B5742DD001A8024 /* ViewController.swift */,
				3A746A0B2B696AF4001A8024 /* SupportingFiles */,
			);
			path = GITHUB;
			sourceTree = "<group>";
		};
		3A746A082B696A2B001A8024 /* Screens */ = {
			isa = PBXGroup;
			children = (
				3A7469CE2B5785F7001A8024 /* SearchVC.swift */,
				3A7469D02B578632001A8024 /* FavoriteListVC.swift */,
				3A7469D82B588A63001A8024 /* FollowersListVC.swift */,
				3A5EFC432B701E1A009381B5 /* UserInfoVC.swift */,
			);
			path = Screens;
			sourceTree = "<group>";
		};
		3A746A092B696A5B001A8024 /* CustomViews */ = {
			isa = PBXGroup;
			children = (
				3A5EFC3F2B6E94D1009381B5 /* ImageViews */,
				3A5EFC402B6E94E2009381B5 /* Lables */,
				3A5EFC3E2B6E94C2009381B5 /* TextFields */,
				3A5EFC3D2B6E94B3009381B5 /* Buttons */,
				3A5EFC3C2B6E94AC009381B5 /* Views */,
				3A746A172B6C5658001A8024 /* Cells */,
				3A7469DE2B58CE61001A8024 /* GFAlertVC.swift */,
			);
			path = CustomViews;
			sourceTree = "<group>";
		};
		3A746A0A2B696A91001A8024 /* Extension */ = {
			isa = PBXGroup;
			children = (
				3A746A062B696081001A8024 /* UIViewController + EXT.swift */,
			);
			path = Extension;
			sourceTree = "<group>";
		};
		3A746A0B2B696AF4001A8024 /* SupportingFiles */ = {
			isa = PBXGroup;
			children = (
				3A7469BA2B5742DD001A8024 /* AppDelegate.swift */,
				3A7469BC2B5742DD001A8024 /* SceneDelegate.swift */,
				3A7469C32B5742DF001A8024 /* Assets.xcassets */,
				3A7469C52B5742DF001A8024 /* LaunchScreen.storyboard */,
				3A7469C82B5742DF001A8024 /* Info.plist */,
			);
			path = SupportingFiles;
			sourceTree = "<group>";
		};
		3A746A0C2B696FDB001A8024 /* Model */ = {
			isa = PBXGroup;
			children = (
				3A746A0D2B696FEB001A8024 /* Follower.swift */,
				3A746A0F2B6971EF001A8024 /* User.swift */,
			);
			path = Model;
			sourceTree = "<group>";
		};
		3A746A112B6BE956001A8024 /* Manager */ = {
			isa = PBXGroup;
			children = (
				3A746A122B6BE96D001A8024 /* NetworkManager.swift */,
			);
			path = Manager;
			sourceTree = "<group>";
		};
		3A746A142B6C3F2D001A8024 /* Utilities */ = {
			isa = PBXGroup;
			children = (
				3A5EFC382B6D80BB009381B5 /* UIHelper.swift */,
				3A5EFC452B70324D009381B5 /* GFError.swift */,
				3A5EFC4D2B704372009381B5 /* Constants.swift */,
			);
			path = Utilities;
			sourceTree = "<group>";
		};
		3A746A172B6C5658001A8024 /* Cells */ = {
			isa = PBXGroup;
			children = (
				3A746A182B6C5681001A8024 /* FollowerCell.swift */,
			);
			path = Cells;
			sourceTree = "<group>";
		};
/* End PBXGroup section */

/* Begin PBXNativeTarget section */
		3A7469B62B5742DD001A8024 /* GITHUB */ = {
			isa = PBXNativeTarget;
			buildConfigurationList = 3A7469CB2B5742DF001A8024 /* Build configuration list for PBXNativeTarget "GITHUB" */;
			buildPhases = (
				3A7469B32B5742DD001A8024 /* Sources */,
				3A7469B42B5742DD001A8024 /* Frameworks */,
				3A7469B52B5742DD001A8024 /* Resources */,
			);
			buildRules = (
			);
			dependencies = (
			);
			name = GITHUB;
			productName = GITHUB;
			productReference = 3A7469B72B5742DD001A8024 /* GITHUB.app */;
			productType = "com.apple.product-type.application";
		};
/* End PBXNativeTarget section */

/* Begin PBXProject section */
		3A7469AF2B5742DD001A8024 /* Project object */ = {
			isa = PBXProject;
			attributes = {
				BuildIndependentTargetsInParallel = 1;
				LastSwiftUpdateCheck = 1520;
				LastUpgradeCheck = 1520;
				TargetAttributes = {
					3A7469B62B5742DD001A8024 = {
						CreatedOnToolsVersion = 15.2;
					};
				};
			};
			buildConfigurationList = 3A7469B22B5742DD001A8024 /* Build configuration list for PBXProject "GITHUB" */;
			compatibilityVersion = "Xcode 14.0";
			developmentRegion = en;
			hasScannedForEncodings = 0;
			knownRegions = (
				en,
				Base,
			);
			mainGroup = 3A7469AE2B5742DD001A8024;
			productRefGroup = 3A7469B82B5742DD001A8024 /* Products */;
			projectDirPath = "";
			projectRoot = "";
			targets = (
				3A7469B62B5742DD001A8024 /* GITHUB */,
			);
		};
/* End PBXProject section */

/* Begin PBXResourcesBuildPhase section */
		3A7469B52B5742DD001A8024 /* Resources */ = {
			isa = PBXResourcesBuildPhase;
			buildActionMask = 2147483647;
			files = (
				3A7469C72B5742DF001A8024 /* LaunchScreen.storyboard in Resources */,
				3A7469C42B5742DF001A8024 /* Assets.xcassets in Resources */,
			);
			runOnlyForDeploymentPostprocessing = 0;
		};
/* End PBXResourcesBuildPhase section */

/* Begin PBXSourcesBuildPhase section */
		3A7469B32B5742DD001A8024 /* Sources */ = {
			isa = PBXSourcesBuildPhase;
			buildActionMask = 2147483647;
			files = (
				3A7469CF2B5785F7001A8024 /* SearchVC.swift in Sources */,
				3A7469D12B578632001A8024 /* FavoriteListVC.swift in Sources */,
				3A7469D92B588A63001A8024 /* FollowersListVC.swift in Sources */,
				3A5EFC4A2B703638009381B5 /* GFUserInfoHeaderVC.swift in Sources */,
				3A7469D32B583B13001A8024 /* GFButton.swift in Sources */,
				3A7469BF2B5742DD001A8024 /* ViewController.swift in Sources */,
				3A5EFC422B6E9574009381B5 /* GFEmptyStateView.swift in Sources */,
				3A5EFC4C2B7036CB009381B5 /* GFSecondaryTitleLabel.swift in Sources */,
				3A7469DF2B58CE61001A8024 /* GFAlertVC.swift in Sources */,
				3A746A102B6971EF001A8024 /* User.swift in Sources */,
				3A5EFC462B70324D009381B5 /* GFError.swift in Sources */,
				3A746A192B6C5681001A8024 /* FollowerCell.swift in Sources */,
				3A746A1B2B6C5779001A8024 /* GFAvatarImageView.swift in Sources */,
				3A7469D72B5854F9001A8024 /* GFTextField.swift in Sources */,
				3A5EFC442B701E1A009381B5 /* UserInfoVC.swift in Sources */,
				3A746A0E2B696FEB001A8024 /* Follower.swift in Sources */,
				3A7469DB2B58CBB3001A8024 /* GFTitleLabel.swift in Sources */,
				3A746A072B696081001A8024 /* UIViewController + EXT.swift in Sources */,
				3A7469BB2B5742DD001A8024 /* AppDelegate.swift in Sources */,
				3A5EFC392B6D80BB009381B5 /* UIHelper.swift in Sources */,
				3A746A132B6BE96D001A8024 /* NetworkManager.swift in Sources */,
				3A7469BD2B5742DD001A8024 /* SceneDelegate.swift in Sources */,
				3A7469DD2B58CD8B001A8024 /* GFBodyLabel.swift in Sources */,
				3A5EFC4E2B704372009381B5 /* Constants.swift in Sources */,
			);
			runOnlyForDeploymentPostprocessing = 0;
		};
/* End PBXSourcesBuildPhase section */

/* Begin PBXVariantGroup section */
		3A7469C52B5742DF001A8024 /* LaunchScreen.storyboard */ = {
			isa = PBXVariantGroup;
			children = (
				3A7469C62B5742DF001A8024 /* Base */,
			);
			name = LaunchScreen.storyboard;
			sourceTree = "<group>";
		};
/* End PBXVariantGroup section */

/* Begin XCBuildConfiguration section */
		3A7469C92B5742DF001A8024 /* Debug */ = {
			isa = XCBuildConfiguration;
			buildSettings = {
				ALWAYS_SEARCH_USER_PATHS = NO;
				ASSETCATALOG_COMPILER_GENERATE_SWIFT_ASSET_SYMBOL_EXTENSIONS = YES;
				CLANG_ANALYZER_NONNULL = YES;
				CLANG_ANALYZER_NUMBER_OBJECT_CONVERSION = YES_AGGRESSIVE;
				CLANG_CXX_LANGUAGE_STANDARD = "gnu++20";
				CLANG_ENABLE_MODULES = YES;
				CLANG_ENABLE_OBJC_ARC = YES;
				CLANG_ENABLE_OBJC_WEAK = YES;
				CLANG_WARN_BLOCK_CAPTURE_AUTORELEASING = YES;
				CLANG_WARN_BOOL_CONVERSION = YES;
				CLANG_WARN_COMMA = YES;
				CLANG_WARN_CONSTANT_CONVERSION = YES;
				CLANG_WARN_DEPRECATED_OBJC_IMPLEMENTATIONS = YES;
				CLANG_WARN_DIRECT_OBJC_ISA_USAGE = YES_ERROR;
				CLANG_WARN_DOCUMENTATION_COMMENTS = YES;
				CLANG_WARN_EMPTY_BODY = YES;
				CLANG_WARN_ENUM_CONVERSION = YES;
				CLANG_WARN_INFINITE_RECURSION = YES;
				CLANG_WARN_INT_CONVERSION = YES;
				CLANG_WARN_NON_LITERAL_NULL_CONVERSION = YES;
				CLANG_WARN_OBJC_IMPLICIT_RETAIN_SELF = YES;
				CLANG_WARN_OBJC_LITERAL_CONVERSION = YES;
				CLANG_WARN_OBJC_ROOT_CLASS = YES_ERROR;
				CLANG_WARN_QUOTED_INCLUDE_IN_FRAMEWORK_HEADER = YES;
				CLANG_WARN_RANGE_LOOP_ANALYSIS = YES;
				CLANG_WARN_STRICT_PROTOTYPES = YES;
				CLANG_WARN_SUSPICIOUS_MOVE = YES;
				CLANG_WARN_UNGUARDED_AVAILABILITY = YES_AGGRESSIVE;
				CLANG_WARN_UNREACHABLE_CODE = YES;
				CLANG_WARN__DUPLICATE_METHOD_MATCH = YES;
				COPY_PHASE_STRIP = NO;
				DEBUG_INFORMATION_FORMAT = dwarf;
				ENABLE_STRICT_OBJC_MSGSEND = YES;
				ENABLE_TESTABILITY = YES;
				ENABLE_USER_SCRIPT_SANDBOXING = YES;
				GCC_C_LANGUAGE_STANDARD = gnu17;
				GCC_DYNAMIC_NO_PIC = NO;
				GCC_NO_COMMON_BLOCKS = YES;
				GCC_OPTIMIZATION_LEVEL = 0;
				GCC_PREPROCESSOR_DEFINITIONS = (
					"DEBUG=1",
					"$(inherited)",
				);
				GCC_WARN_64_TO_32_BIT_CONVERSION = YES;
				GCC_WARN_ABOUT_RETURN_TYPE = YES_ERROR;
				GCC_WARN_UNDECLARED_SELECTOR = YES;
				GCC_WARN_UNINITIALIZED_AUTOS = YES_AGGRESSIVE;
				GCC_WARN_UNUSED_FUNCTION = YES;
				GCC_WARN_UNUSED_VARIABLE = YES;
				IPHONEOS_DEPLOYMENT_TARGET = 17.2;
				LOCALIZATION_PREFERS_STRING_CATALOGS = YES;
				MTL_ENABLE_DEBUG_INFO = INCLUDE_SOURCE;
				MTL_FAST_MATH = YES;
				ONLY_ACTIVE_ARCH = YES;
				SDKROOT = iphoneos;
				SWIFT_ACTIVE_COMPILATION_CONDITIONS = "DEBUG $(inherited)";
				SWIFT_OPTIMIZATION_LEVEL = "-Onone";
			};
			name = Debug;
		};
		3A7469CA2B5742DF001A8024 /* Release */ = {
			isa = XCBuildConfiguration;
			buildSettings = {
				ALWAYS_SEARCH_USER_PATHS = NO;
				ASSETCATALOG_COMPILER_GENERATE_SWIFT_ASSET_SYMBOL_EXTENSIONS = YES;
				CLANG_ANALYZER_NONNULL = YES;
				CLANG_ANALYZER_NUMBER_OBJECT_CONVERSION = YES_AGGRESSIVE;
				CLANG_CXX_LANGUAGE_STANDARD = "gnu++20";
				CLANG_ENABLE_MODULES = YES;
				CLANG_ENABLE_OBJC_ARC = YES;
				CLANG_ENABLE_OBJC_WEAK = YES;
				CLANG_WARN_BLOCK_CAPTURE_AUTORELEASING = YES;
				CLANG_WARN_BOOL_CONVERSION = YES;
				CLANG_WARN_COMMA = YES;
				CLANG_WARN_CONSTANT_CONVERSION = YES;
				CLANG_WARN_DEPRECATED_OBJC_IMPLEMENTATIONS = YES;
				CLANG_WARN_DIRECT_OBJC_ISA_USAGE = YES_ERROR;
				CLANG_WARN_DOCUMENTATION_COMMENTS = YES;
				CLANG_WARN_EMPTY_BODY = YES;
				CLANG_WARN_ENUM_CONVERSION = YES;
				CLANG_WARN_INFINITE_RECURSION = YES;
				CLANG_WARN_INT_CONVERSION = YES;
				CLANG_WARN_NON_LITERAL_NULL_CONVERSION = YES;
				CLANG_WARN_OBJC_IMPLICIT_RETAIN_SELF = YES;
				CLANG_WARN_OBJC_LITERAL_CONVERSION = YES;
				CLANG_WARN_OBJC_ROOT_CLASS = YES_ERROR;
				CLANG_WARN_QUOTED_INCLUDE_IN_FRAMEWORK_HEADER = YES;
				CLANG_WARN_RANGE_LOOP_ANALYSIS = YES;
				CLANG_WARN_STRICT_PROTOTYPES = YES;
				CLANG_WARN_SUSPICIOUS_MOVE = YES;
				CLANG_WARN_UNGUARDED_AVAILABILITY = YES_AGGRESSIVE;
				CLANG_WARN_UNREACHABLE_CODE = YES;
				CLANG_WARN__DUPLICATE_METHOD_MATCH = YES;
				COPY_PHASE_STRIP = NO;
				DEBUG_INFORMATION_FORMAT = "dwarf-with-dsym";
				ENABLE_NS_ASSERTIONS = NO;
				ENABLE_STRICT_OBJC_MSGSEND = YES;
				ENABLE_USER_SCRIPT_SANDBOXING = YES;
				GCC_C_LANGUAGE_STANDARD = gnu17;
				GCC_NO_COMMON_BLOCKS = YES;
				GCC_WARN_64_TO_32_BIT_CONVERSION = YES;
				GCC_WARN_ABOUT_RETURN_TYPE = YES_ERROR;
				GCC_WARN_UNDECLARED_SELECTOR = YES;
				GCC_WARN_UNINITIALIZED_AUTOS = YES_AGGRESSIVE;
				GCC_WARN_UNUSED_FUNCTION = YES;
				GCC_WARN_UNUSED_VARIABLE = YES;
				IPHONEOS_DEPLOYMENT_TARGET = 17.2;
				LOCALIZATION_PREFERS_STRING_CATALOGS = YES;
				MTL_ENABLE_DEBUG_INFO = NO;
				MTL_FAST_MATH = YES;
				SDKROOT = iphoneos;
				SWIFT_COMPILATION_MODE = wholemodule;
				VALIDATE_PRODUCT = YES;
			};
			name = Release;
		};
		3A7469CC2B5742DF001A8024 /* Debug */ = {
			isa = XCBuildConfiguration;
			buildSettings = {
				ASSETCATALOG_COMPILER_APPICON_NAME = AppIcon;
				ASSETCATALOG_COMPILER_GLOBAL_ACCENT_COLOR_NAME = AccentColor;
				CODE_SIGN_STYLE = Automatic;
				CURRENT_PROJECT_VERSION = 1;
				DEVELOPMENT_TEAM = X5MZCV93J6;
				GENERATE_INFOPLIST_FILE = YES;
				INFOPLIST_FILE = GITHUB/SupportingFiles/Info.plist;
				INFOPLIST_KEY_UIApplicationSupportsIndirectInputEvents = YES;
				INFOPLIST_KEY_UILaunchStoryboardName = LaunchScreen;
				INFOPLIST_KEY_UIMainStoryboardFile = "";
				INFOPLIST_KEY_UIStatusBarStyle = "";
				INFOPLIST_KEY_UISupportedInterfaceOrientations = "UIInterfaceOrientationLandscapeLeft UIInterfaceOrientationLandscapeRight UIInterfaceOrientationPortrait";
				INFOPLIST_KEY_UISupportedInterfaceOrientations_iPad = UIInterfaceOrientationPortrait;
				LD_RUNPATH_SEARCH_PATHS = (
					"$(inherited)",
					"@executable_path/Frameworks",
				);
				MARKETING_VERSION = 1.0;
				PRODUCT_BUNDLE_IDENTIFIER = BABYB.GITHUB;
				PRODUCT_NAME = "$(TARGET_NAME)";
				SWIFT_EMIT_LOC_STRINGS = YES;
				SWIFT_VERSION = 5.0;
				TARGETED_DEVICE_FAMILY = "1,2";
			};
			name = Debug;
		};
		3A7469CD2B5742DF001A8024 /* Release */ = {
			isa = XCBuildConfiguration;
			buildSettings = {
				ASSETCATALOG_COMPILER_APPICON_NAME = AppIcon;
				ASSETCATALOG_COMPILER_GLOBAL_ACCENT_COLOR_NAME = AccentColor;
				CODE_SIGN_STYLE = Automatic;
				CURRENT_PROJECT_VERSION = 1;
				DEVELOPMENT_TEAM = X5MZCV93J6;
				GENERATE_INFOPLIST_FILE = YES;
				INFOPLIST_FILE = GITHUB/SupportingFiles/Info.plist;
				INFOPLIST_KEY_UIApplicationSupportsIndirectInputEvents = YES;
				INFOPLIST_KEY_UILaunchStoryboardName = LaunchScreen;
				INFOPLIST_KEY_UIMainStoryboardFile = "";
				INFOPLIST_KEY_UIStatusBarStyle = "";
				INFOPLIST_KEY_UISupportedInterfaceOrientations = "UIInterfaceOrientationLandscapeLeft UIInterfaceOrientationLandscapeRight UIInterfaceOrientationPortrait";
				INFOPLIST_KEY_UISupportedInterfaceOrientations_iPad = UIInterfaceOrientationPortrait;
				LD_RUNPATH_SEARCH_PATHS = (
					"$(inherited)",
					"@executable_path/Frameworks",
				);
				MARKETING_VERSION = 1.0;
				PRODUCT_BUNDLE_IDENTIFIER = BABYB.GITHUB;
				PRODUCT_NAME = "$(TARGET_NAME)";
				SWIFT_EMIT_LOC_STRINGS = YES;
				SWIFT_VERSION = 5.0;
				TARGETED_DEVICE_FAMILY = "1,2";
			};
			name = Release;
		};
/* End XCBuildConfiguration section */

/* Begin XCConfigurationList section */
		3A7469B22B5742DD001A8024 /* Build configuration list for PBXProject "GITHUB" */ = {
			isa = XCConfigurationList;
			buildConfigurations = (
				3A7469C92B5742DF001A8024 /* Debug */,
				3A7469CA2B5742DF001A8024 /* Release */,
			);
			defaultConfigurationIsVisible = 0;
			defaultConfigurationName = Release;
		};
		3A7469CB2B5742DF001A8024 /* Build configuration list for PBXNativeTarget "GITHUB" */ = {
			isa = XCConfigurationList;
			buildConfigurations = (
				3A7469CC2B5742DF001A8024 /* Debug */,
				3A7469CD2B5742DF001A8024 /* Release */,
			);
			defaultConfigurationIsVisible = 0;
			defaultConfigurationName = Release;
		};
/* End XCConfigurationList section */
	};
	rootObject = 3A7469AF2B5742DD001A8024 /* Project object */;
}
